
Microsoft Visual Studio Solution File, Format Version 12.00
# Visual Studio Version 16
VisualStudioVersion = 16.0.31515.178
MinimumVisualStudioVersion = 10.0.40219.1
Project("{FAE04EC0-301F-11D3-BF4B-00C04F79EFBC}") = "Library.API", "Library.API\Library.API.csproj", "{87E4DACD-18F8-427B-ADFE-D972B43854C6}"
EndProject
Project("{FAE04EC0-301F-11D3-BF4B-00C04F79EFBC}") = "Library.Business", "Library.Business\Library.Business.csproj", "{195AB62D-318E-40BF-8B53-1AED1DCEB926}"
EndProject
Project("{FAE04EC0-301F-11D3-BF4B-00C04F79EFBC}") = "Core", "Core\Core.csproj", "{387098EB-726C-4E4D-A749-AE21D5F4D2B0}"
EndProject
Project("{FAE04EC0-301F-11D3-BF4B-00C04F79EFBC}") = "Library.Entities", "Library.Entities\Library.Entities.csproj", "{EC1F213A-A271-47FE-B1B3-4ACD3BBEA2B0}"
EndProject
Project("{FAE04EC0-301F-11D3-BF4B-00C04F79EFBC}") = "Library.DataAccess", "Library.DataAccess\Library.DataAccess.csproj", "{74E0D3F4-9CE4-45C8-97F4-1B26B5E467AD}"
EndProject
Global
	GlobalSection(SolutionConfigurationPlatforms) = preSolution
		Debug|Any CPU = Debug|Any CPU
		Release|Any CPU = Release|Any CPU
	EndGlobalSection
	GlobalSection(ProjectConfigurationPlatforms) = postSolution
		{87E4DACD-18F8-427B-ADFE-D972B43854C6}.Debug|Any CPU.ActiveCfg = Debug|Any CPU
		{87E4DACD-18F8-427B-ADFE-D972B43854C6}.Debug|Any CPU.Build.0 = Debug|Any CPU
		{87E4DACD-18F8-427B-ADFE-D972B43854C6}.Release|Any CPU.ActiveCfg = Release|Any CPU
		{87E4DACD-18F8-427B-ADFE-D972B43854C6}.Release|Any CPU.Build.0 = Release|Any CPU
		{195AB62D-318E-40BF-8B53-1AED1DCEB926}.Debug|Any CPU.ActiveCfg = Debug|Any CPU
		{195AB62D-318E-40BF-8B53-1AED1DCEB926}.Debug|Any CPU.Build.0 = Debug|Any CPU
		{195AB62D-318E-40BF-8B53-1AED1DCEB926}.Release|Any CPU.ActiveCfg = Release|Any CPU
		{195AB62D-318E-40BF-8B53-1AED1DCEB926}.Release|Any CPU.Build.0 = Release|Any CPU
		{387098EB-726C-4E4D-A749-AE21D5F4D2B0}.Debug|Any CPU.ActiveCfg = Debug|Any CPU
		{387098EB-726C-4E4D-A749-AE21D5F4D2B0}.Debug|Any CPU.Build.0 = Debug|Any CPU
		{387098EB-726C-4E4D-A749-AE21D5F4D2B0}.Release|Any CPU.ActiveCfg = Release|Any CPU
		{387098EB-726C-4E4D-A749-AE21D5F4D2B0}.Release|Any CPU.Build.0 = Release|Any CPU
		{EC1F213A-A271-47FE-B1B3-4ACD3BBEA2B0}.Debug|Any CPU.ActiveCfg = Debug|Any CPU
		{EC1F213A-A271-47FE-B1B3-4ACD3BBEA2B0}.Debug|Any CPU.Build.0 = Debug|Any CPU
		{EC1F213A-A271-47FE-B1B3-4ACD3BBEA2B0}.Release|Any CPU.ActiveCfg = Release|Any CPU
		{EC1F213A-A271-47FE-B1B3-4ACD3BBEA2B0}.Release|Any CPU.Build.0 = Release|Any CPU
		{74E0D3F4-9CE4-45C8-97F4-1B26B5E467AD}.Debug|Any CPU.ActiveCfg = Debug|Any CPU
		{74E0D3F4-9CE4-45C8-97F4-1B26B5E467AD}.Debug|Any CPU.Build.0 = Debug|Any CPU
		{74E0D3F4-9CE4-45C8-97F4-1B26B5E467AD}.Release|Any CPU.ActiveCfg = Release|Any CPU
		{74E0D3F4-9CE4-45C8-97F4-1B26B5E467AD}.Release|Any CPU.Build.0 = Release|Any CPU
	EndGlobalSection
	GlobalSection(SolutionProperties) = preSolution
		HideSolutionNode = FALSE
	EndGlobalSection
	GlobalSection(ExtensibilityGlobals) = postSolution
		SolutionGuid = {EB237909-5712-4DC3-93B5-02D074748D8B}
	EndGlobalSection
EndGlobal
